
Microsoft Visual Studio Solution File, Format Version 12.00
# Visual Studio Version 17
VisualStudioVersion = 17.1.32407.343
MinimumVisualStudioVersion = 10.0.40219.1
Project("{FAE04EC0-301F-11D3-BF4B-00C04F79EFBC}") = "Movies", "Movies\Movies.csproj", "{035B1404-F4D6-4ECC-BE5C-82AD8BE2D748}"
EndProject
Global
	GlobalSection(SolutionConfigurationPlatforms) = preSolution
		Debug|Any CPU = Debug|Any CPU
		Release|Any CPU = Release|Any CPU
	EndGlobalSection
	GlobalSection(ProjectConfigurationPlatforms) = postSolution
		{035B1404-F4D6-4ECC-BE5C-82AD8BE2D748}.Debug|Any CPU.ActiveCfg = Debug|Any CPU
		{035B1404-F4D6-4ECC-BE5C-82AD8BE2D748}.Debug|Any CPU.Build.0 = Debug|Any CPU
		{035B1404-F4D6-4ECC-BE5C-82AD8BE2D748}.Release|Any CPU.ActiveCfg = Release|Any CPU
		{035B1404-F4D6-4ECC-BE5C-82AD8BE2D748}.Release|Any CPU.Build.0 = Release|Any CPU
	EndGlobalSection
	GlobalSection(SolutionProperties) = preSolution
		HideSolutionNode = FALSE
	EndGlobalSection
	GlobalSection(ExtensibilityGlobals) = postSolution
		SolutionGuid = {B5BD7131-062B-4AEC-A1F4-9D63B00086CE}
	EndGlobalSection
EndGlobal
